
Microsoft Visual Studio Solution File, Format Version 12.00
# Visual Studio 15
VisualStudioVersion = 15.0.26430.14
MinimumVisualStudioVersion = 10.0.40219.1
Project("{FAE04EC0-301F-11D3-BF4B-00C04F79EFBC}") = "ServiceForUWP", "ServiceForUWP\ServiceForUWP.csproj", "{06649135-BC9C-4548-BF18-E17EC1464504}"
EndProject
Project("{FAE04EC0-301F-11D3-BF4B-00C04F79EFBC}") = "ClientApp", "ClientApp\ClientApp.csproj", "{6314DE16-7217-46B7-BD04-1B32CFF29E1C}"
EndProject
Project("{FAE04EC0-301F-11D3-BF4B-00C04F79EFBC}") = "CodeFirst", "CodeFirst\CodeFirst.csproj", "{D696CDED-A15B-408D-BEB9-33BE58165687}"
EndProject
Global
	GlobalSection(SolutionConfigurationPlatforms) = preSolution
		Debug|Any CPU = Debug|Any CPU
		Debug|ARM = Debug|ARM
		Debug|x64 = Debug|x64
		Debug|x86 = Debug|x86
		Release|Any CPU = Release|Any CPU
		Release|ARM = Release|ARM
		Release|x64 = Release|x64
		Release|x86 = Release|x86
	EndGlobalSection
	GlobalSection(ProjectConfigurationPlatforms) = postSolution
		{06649135-BC9C-4548-BF18-E17EC1464504}.Debug|Any CPU.ActiveCfg = Debug|Any CPU
		{06649135-BC9C-4548-BF18-E17EC1464504}.Debug|Any CPU.Build.0 = Debug|Any CPU
		{06649135-BC9C-4548-BF18-E17EC1464504}.Debug|ARM.ActiveCfg = Debug|Any CPU
		{06649135-BC9C-4548-BF18-E17EC1464504}.Debug|ARM.Build.0 = Debug|Any CPU
		{06649135-BC9C-4548-BF18-E17EC1464504}.Debug|x64.ActiveCfg = Debug|Any CPU
		{06649135-BC9C-4548-BF18-E17EC1464504}.Debug|x64.Build.0 = Debug|Any CPU
		{06649135-BC9C-4548-BF18-E17EC1464504}.Debug|x86.ActiveCfg = Debug|Any CPU
		{06649135-BC9C-4548-BF18-E17EC1464504}.Debug|x86.Build.0 = Debug|Any CPU
		{06649135-BC9C-4548-BF18-E17EC1464504}.Release|Any CPU.ActiveCfg = Release|Any CPU
		{06649135-BC9C-4548-BF18-E17EC1464504}.Release|Any CPU.Build.0 = Release|Any CPU
		{06649135-BC9C-4548-BF18-E17EC1464504}.Release|ARM.ActiveCfg = Release|Any CPU
		{06649135-BC9C-4548-BF18-E17EC1464504}.Release|ARM.Build.0 = Release|Any CPU
		{06649135-BC9C-4548-BF18-E17EC1464504}.Release|x64.ActiveCfg = Release|Any CPU
		{06649135-BC9C-4548-BF18-E17EC1464504}.Release|x64.Build.0 = Release|Any CPU
		{06649135-BC9C-4548-BF18-E17EC1464504}.Release|x86.ActiveCfg = Release|Any CPU
		{06649135-BC9C-4548-BF18-E17EC1464504}.Release|x86.Build.0 = Release|Any CPU
		{6314DE16-7217-46B7-BD04-1B32CFF29E1C}.Debug|Any CPU.ActiveCfg = Debug|x86
		{6314DE16-7217-46B7-BD04-1B32CFF29E1C}.Debug|ARM.ActiveCfg = Debug|ARM
		{6314DE16-7217-46B7-BD04-1B32CFF29E1C}.Debug|ARM.Build.0 = Debug|ARM
		{6314DE16-7217-46B7-BD04-1B32CFF29E1C}.Debug|ARM.Deploy.0 = Debug|ARM
		{6314DE16-7217-46B7-BD04-1B32CFF29E1C}.Debug|x64.ActiveCfg = Debug|x64
		{6314DE16-7217-46B7-BD04-1B32CFF29E1C}.Debug|x64.Build.0 = Debug|x64
		{6314DE16-7217-46B7-BD04-1B32CFF29E1C}.Debug|x64.Deploy.0 = Debug|x64
		{6314DE16-7217-46B7-BD04-1B32CFF29E1C}.Debug|x86.ActiveCfg = Debug|x86
		{6314DE16-7217-46B7-BD04-1B32CFF29E1C}.Debug|x86.Build.0 = Debug|x86
		{6314DE16-7217-46B7-BD04-1B32CFF29E1C}.Debug|x86.Deploy.0 = Debug|x86
		{6314DE16-7217-46B7-BD04-1B32CFF29E1C}.Release|Any CPU.ActiveCfg = Release|x86
		{6314DE16-7217-46B7-BD04-1B32CFF29E1C}.Release|ARM.ActiveCfg = Release|ARM
		{6314DE16-7217-46B7-BD04-1B32CFF29E1C}.Release|ARM.Build.0 = Release|ARM
		{6314DE16-7217-46B7-BD04-1B32CFF29E1C}.Release|ARM.Deploy.0 = Release|ARM
		{6314DE16-7217-46B7-BD04-1B32CFF29E1C}.Release|x64.ActiveCfg = Release|x64
		{6314DE16-7217-46B7-BD04-1B32CFF29E1C}.Release|x64.Build.0 = Release|x64
		{6314DE16-7217-46B7-BD04-1B32CFF29E1C}.Release|x64.Deploy.0 = Release|x64
		{6314DE16-7217-46B7-BD04-1B32CFF29E1C}.Release|x86.ActiveCfg = Release|x86
		{6314DE16-7217-46B7-BD04-1B32CFF29E1C}.Release|x86.Build.0 = Release|x86
		{6314DE16-7217-46B7-BD04-1B32CFF29E1C}.Release|x86.Deploy.0 = Release|x86
		{D696CDED-A15B-408D-BEB9-33BE58165687}.Debug|Any CPU.ActiveCfg = Debug|Any CPU
		{D696CDED-A15B-408D-BEB9-33BE58165687}.Debug|Any CPU.Build.0 = Debug|Any CPU
		{D696CDED-A15B-408D-BEB9-33BE58165687}.Debug|ARM.ActiveCfg = Debug|Any CPU
		{D696CDED-A15B-408D-BEB9-33BE58165687}.Debug|ARM.Build.0 = Debug|Any CPU
		{D696CDED-A15B-408D-BEB9-33BE58165687}.Debug|x64.ActiveCfg = Debug|Any CPU
		{D696CDED-A15B-408D-BEB9-33BE58165687}.Debug|x64.Build.0 = Debug|Any CPU
		{D696CDED-A15B-408D-BEB9-33BE58165687}.Debug|x86.ActiveCfg = Debug|Any CPU
		{D696CDED-A15B-408D-BEB9-33BE58165687}.Debug|x86.Build.0 = Debug|Any CPU
		{D696CDED-A15B-408D-BEB9-33BE58165687}.Release|Any CPU.ActiveCfg = Release|Any CPU
		{D696CDED-A15B-408D-BEB9-33BE58165687}.Release|Any CPU.Build.0 = Release|Any CPU
		{D696CDED-A15B-408D-BEB9-33BE58165687}.Release|ARM.ActiveCfg = Release|Any CPU
		{D696CDED-A15B-408D-BEB9-33BE58165687}.Release|ARM.Build.0 = Release|Any CPU
		{D696CDED-A15B-408D-BEB9-33BE58165687}.Release|x64.ActiveCfg = Release|Any CPU
		{D696CDED-A15B-408D-BEB9-33BE58165687}.Release|x64.Build.0 = Release|Any CPU
		{D696CDED-A15B-408D-BEB9-33BE58165687}.Release|x86.ActiveCfg = Release|Any CPU
		{D696CDED-A15B-408D-BEB9-33BE58165687}.Release|x86.Build.0 = Release|Any CPU
	EndGlobalSection
	GlobalSection(SolutionProperties) = preSolution
		HideSolutionNode = FALSE
	EndGlobalSection
EndGlobal
